
Microsoft Visual Studio Solution File, Format Version 12.00
# Visual Studio 15
VisualStudioVersion = 15.0.28307.1433
MinimumVisualStudioVersion = 10.0.40219.1
Project("{FAE04EC0-301F-11D3-BF4B-00C04F79EFBC}") = "DesenvolvedorIoDemoMVC", "DesenvolvedorIoDemoMVC\DesenvolvedorIoDemoMVC.csproj", "{C5E45D28-B3F3-4814-ABA0-B1E3E6D0D578}"
EndProject
Global
	GlobalSection(SolutionConfigurationPlatforms) = preSolution
		Debug|Any CPU = Debug|Any CPU
		Release|Any CPU = Release|Any CPU
	EndGlobalSection
	GlobalSection(ProjectConfigurationPlatforms) = postSolution
		{C5E45D28-B3F3-4814-ABA0-B1E3E6D0D578}.Debug|Any CPU.ActiveCfg = Debug|Any CPU
		{C5E45D28-B3F3-4814-ABA0-B1E3E6D0D578}.Debug|Any CPU.Build.0 = Debug|Any CPU
		{C5E45D28-B3F3-4814-ABA0-B1E3E6D0D578}.Release|Any CPU.ActiveCfg = Release|Any CPU
		{C5E45D28-B3F3-4814-ABA0-B1E3E6D0D578}.Release|Any CPU.Build.0 = Release|Any CPU
	EndGlobalSection
	GlobalSection(SolutionProperties) = preSolution
		HideSolutionNode = FALSE
	EndGlobalSection
	GlobalSection(ExtensibilityGlobals) = postSolution
		SolutionGuid = {11F114A5-6DED-46FE-9034-3D4B7FC82307}
	EndGlobalSection
EndGlobal
